// !$*UTF8*$!
{
	archiveVersion = 1;
	classes = {
	};
	objectVersion = 51;
	objects = {

/* Begin PBXBuildFile section */
		0485EE7E28AD248D008D2D1E /* APICaller.swift in Sources */ = {isa = PBXBuildFile; fileRef = 0485EE7D28AD248D008D2D1E /* APICaller.swift */; };
		04DB280E28ACFE1400705187 /* AppDelegate.swift in Sources */ = {isa = PBXBuildFile; fileRef = 04DB280D28ACFE1400705187 /* AppDelegate.swift */; };
		04DB281028ACFE1400705187 /* SceneDelegate.swift in Sources */ = {isa = PBXBuildFile; fileRef = 04DB280F28ACFE1400705187 /* SceneDelegate.swift */; };
		04DB281728ACFE1700705187 /* Assets.xcassets in Resources */ = {isa = PBXBuildFile; fileRef = 04DB281628ACFE1700705187 /* Assets.xcassets */; };
		04DB281A28ACFE1700705187 /* LaunchScreen.storyboard in Resources */ = {isa = PBXBuildFile; fileRef = 04DB281828ACFE1700705187 /* LaunchScreen.storyboard */; };
		04DB283128AD057F00705187 /* CombinestagramViewController.swift in Sources */ = {isa = PBXBuildFile; fileRef = 04DB282F28AD057F00705187 /* CombinestagramViewController.swift */; };
		04DB283228AD057F00705187 /* CombinestagramViewController.xib in Resources */ = {isa = PBXBuildFile; fileRef = 04DB283028AD057F00705187 /* CombinestagramViewController.xib */; };
		2C563D4BD9C23F5E9709AE05 /* Pods_PracticeRxSwift.framework in Frameworks */ = {isa = PBXBuildFile; fileRef = FD699E355235EE742DA81A23 /* Pods_PracticeRxSwift.framework */; };
/* End PBXBuildFile section */

/* Begin PBXFileReference section */
		0485EE7D28AD248D008D2D1E /* APICaller.swift */ = {isa = PBXFileReference; lastKnownFileType = sourcecode.swift; path = APICaller.swift; sourceTree = "<group>"; };
		04DB280A28ACFE1400705187 /* PracticeRxSwift.app */ = {isa = PBXFileReference; explicitFileType = wrapper.application; includeInIndex = 0; path = PracticeRxSwift.app; sourceTree = BUILT_PRODUCTS_DIR; };
		04DB280D28ACFE1400705187 /* AppDelegate.swift */ = {isa = PBXFileReference; lastKnownFileType = sourcecode.swift; path = AppDelegate.swift; sourceTree = "<group>"; };
		04DB280F28ACFE1400705187 /* SceneDelegate.swift */ = {isa = PBXFileReference; lastKnownFileType = sourcecode.swift; path = SceneDelegate.swift; sourceTree = "<group>"; };
		04DB281628ACFE1700705187 /* Assets.xcassets */ = {isa = PBXFileReference; lastKnownFileType = folder.assetcatalog; path = Assets.xcassets; sourceTree = "<group>"; };
		04DB281928ACFE1700705187 /* Base */ = {isa = PBXFileReference; lastKnownFileType = file.storyboard; name = Base; path = Base.lproj/LaunchScreen.storyboard; sourceTree = "<group>"; };
		04DB281B28ACFE1700705187 /* Info.plist */ = {isa = PBXFileReference; lastKnownFileType = text.plist.xml; path = Info.plist; sourceTree = "<group>"; };
		04DB282428ACFF1C00705187 /* Blackjack card.playground */ = {isa = PBXFileReference; lastKnownFileType = file.playground; path = "Blackjack card.playground"; sourceTree = "<group>"; xcLanguageSpecificationIdentifier = xcode.lang.swift; };
		04DB282C28AD041700705187 /* Login.playground */ = {isa = PBXFileReference; lastKnownFileType = file.playground; path = Login.playground; sourceTree = "<group>"; xcLanguageSpecificationIdentifier = xcode.lang.swift; };
		04DB282F28AD057F00705187 /* CombinestagramViewController.swift */ = {isa = PBXFileReference; lastKnownFileType = sourcecode.swift; path = CombinestagramViewController.swift; sourceTree = "<group>"; };
		04DB283028AD057F00705187 /* CombinestagramViewController.xib */ = {isa = PBXFileReference; lastKnownFileType = file.xib; path = CombinestagramViewController.xib; sourceTree = "<group>"; };
		54D2E87911496F3762876286 /* Pods-PracticeRxSwift.release.xcconfig */ = {isa = PBXFileReference; includeInIndex = 1; lastKnownFileType = text.xcconfig; name = "Pods-PracticeRxSwift.release.xcconfig"; path = "Target Support Files/Pods-PracticeRxSwift/Pods-PracticeRxSwift.release.xcconfig"; sourceTree = "<group>"; };
		6C0885712CF489B4215A25B9 /* Pods-PracticeRxSwift.debug.xcconfig */ = {isa = PBXFileReference; includeInIndex = 1; lastKnownFileType = text.xcconfig; name = "Pods-PracticeRxSwift.debug.xcconfig"; path = "Target Support Files/Pods-PracticeRxSwift/Pods-PracticeRxSwift.debug.xcconfig"; sourceTree = "<group>"; };
		FD699E355235EE742DA81A23 /* Pods_PracticeRxSwift.framework */ = {isa = PBXFileReference; explicitFileType = wrapper.framework; includeInIndex = 0; path = Pods_PracticeRxSwift.framework; sourceTree = BUILT_PRODUCTS_DIR; };
/* End PBXFileReference section */

/* Begin PBXFrameworksBuildPhase section */
		04DB280728ACFE1400705187 /* Frameworks */ = {
			isa = PBXFrameworksBuildPhase;
			buildActionMask = 2147483647;
			files = (
				2C563D4BD9C23F5E9709AE05 /* Pods_PracticeRxSwift.framework in Frameworks */,
			);
			runOnlyForDeploymentPostprocessing = 0;
		};
/* End PBXFrameworksBuildPhase section */

/* Begin PBXGroup section */
		04DB280128ACFE1400705187 = {
			isa = PBXGroup;
			children = (
				04DB282C28AD041700705187 /* Login.playground */,
				04DB282428ACFF1C00705187 /* Blackjack card.playground */,
				04DB280C28ACFE1400705187 /* PracticeRxSwift */,
				04DB280B28ACFE1400705187 /* Products */,
				FA86446F657439755AE7E8AD /* Pods */,
				F6CD76A0BC1C40F32A27F259 /* Frameworks */,
			);
			sourceTree = "<group>";
		};
		04DB280B28ACFE1400705187 /* Products */ = {
			isa = PBXGroup;
			children = (
				04DB280A28ACFE1400705187 /* PracticeRxSwift.app */,
			);
			name = Products;
			sourceTree = "<group>";
		};
		04DB280C28ACFE1400705187 /* PracticeRxSwift */ = {
			isa = PBXGroup;
			children = (
				04DB282E28AD056E00705187 /* Combinestagram */,
				04DB280D28ACFE1400705187 /* AppDelegate.swift */,
				04DB280F28ACFE1400705187 /* SceneDelegate.swift */,
				04DB281628ACFE1700705187 /* Assets.xcassets */,
				04DB281828ACFE1700705187 /* LaunchScreen.storyboard */,
				04DB281B28ACFE1700705187 /* Info.plist */,
				0485EE7D28AD248D008D2D1E /* APICaller.swift */,
			);
			path = PracticeRxSwift;
			sourceTree = "<group>";
		};
		04DB282E28AD056E00705187 /* Combinestagram */ = {
			isa = PBXGroup;
			children = (
				04DB282F28AD057F00705187 /* CombinestagramViewController.swift */,
				04DB283028AD057F00705187 /* CombinestagramViewController.xib */,
			);
			path = Combinestagram;
			sourceTree = "<group>";
		};
		F6CD76A0BC1C40F32A27F259 /* Frameworks */ = {
			isa = PBXGroup;
			children = (
				FD699E355235EE742DA81A23 /* Pods_PracticeRxSwift.framework */,
			);
			name = Frameworks;
			sourceTree = "<group>";
		};
		FA86446F657439755AE7E8AD /* Pods */ = {
			isa = PBXGroup;
			children = (
				6C0885712CF489B4215A25B9 /* Pods-PracticeRxSwift.debug.xcconfig */,
				54D2E87911496F3762876286 /* Pods-PracticeRxSwift.release.xcconfig */,
			);
			path = Pods;
			sourceTree = "<group>";
		};
/* End PBXGroup section */

/* Begin PBXNativeTarget section */
		04DB280928ACFE1400705187 /* PracticeRxSwift */ = {
			isa = PBXNativeTarget;
			buildConfigurationList = 04DB281E28ACFE1700705187 /* Build configuration list for PBXNativeTarget "PracticeRxSwift" */;
			buildPhases = (
				0D48CEC68F05A31C119AC292 /* [CP] Check Pods Manifest.lock */,
				04DB280628ACFE1400705187 /* Sources */,
				04DB280728ACFE1400705187 /* Frameworks */,
				04DB280828ACFE1400705187 /* Resources */,
				FC183C4A1A0F59CFDFFA6A9C /* [CP] Embed Pods Frameworks */,
			);
			buildRules = (
			);
			dependencies = (
			);
			name = PracticeRxSwift;
			productName = PracticeRxSwift;
			productReference = 04DB280A28ACFE1400705187 /* PracticeRxSwift.app */;
			productType = "com.apple.product-type.application";
		};
/* End PBXNativeTarget section */

/* Begin PBXProject section */
		04DB280228ACFE1400705187 /* Project object */ = {
			isa = PBXProject;
			attributes = {
				LastSwiftUpdateCheck = 1240;
				LastUpgradeCheck = 1240;
				TargetAttributes = {
					04DB280928ACFE1400705187 = {
						CreatedOnToolsVersion = 12.4;
					};
				};
			};
			buildConfigurationList = 04DB280528ACFE1400705187 /* Build configuration list for PBXProject "PracticeRxSwift" */;
			compatibilityVersion = "Xcode 9.3";
			developmentRegion = en;
			hasScannedForEncodings = 0;
			knownRegions = (
				en,
				Base,
			);
			mainGroup = 04DB280128ACFE1400705187;
			productRefGroup = 04DB280B28ACFE1400705187 /* Products */;
			projectDirPath = "";
			projectRoot = "";
			targets = (
				04DB280928ACFE1400705187 /* PracticeRxSwift */,
			);
		};
/* End PBXProject section */

/* Begin PBXResourcesBuildPhase section */
		04DB280828ACFE1400705187 /* Resources */ = {
			isa = PBXResourcesBuildPhase;
			buildActionMask = 2147483647;
			files = (
				04DB283228AD057F00705187 /* CombinestagramViewController.xib in Resources */,
				04DB281A28ACFE1700705187 /* LaunchScreen.storyboard in Resources */,
				04DB281728ACFE1700705187 /* Assets.xcassets in Resources */,
			);
			runOnlyForDeploymentPostprocessing = 0;
		};
/* End PBXResourcesBuildPhase section */

/* Begin PBXShellScriptBuildPhase section */
		0D48CEC68F05A31C119AC292 /* [CP] Check Pods Manifest.lock */ = {
			isa = PBXShellScriptBuildPhase;
			buildActionMask = 2147483647;
			files = (
			);
			inputFileListPaths = (
			);
			inputPaths = (
				"${PODS_PODFILE_DIR_PATH}/Podfile.lock",
				"${PODS_ROOT}/Manifest.lock",
			);
			name = "[CP] Check Pods Manifest.lock";
			outputFileListPaths = (
			);
			outputPaths = (
				"$(DERIVED_FILE_DIR)/Pods-PracticeRxSwift-checkManifestLockResult.txt",
			);
			runOnlyForDeploymentPostprocessing = 0;
			shellPath = /bin/sh;
			shellScript = "diff \"${PODS_PODFILE_DIR_PATH}/Podfile.lock\" \"${PODS_ROOT}/Manifest.lock\" > /dev/null\nif [ $? != 0 ] ; then\n    # print error to STDERR\n    echo \"error: The sandbox is not in sync with the Podfile.lock. Run 'pod install' or update your CocoaPods installation.\" >&2\n    exit 1\nfi\n# This output is used by Xcode 'outputs' to avoid re-running this script phase.\necho \"SUCCESS\" > \"${SCRIPT_OUTPUT_FILE_0}\"\n";
			showEnvVarsInLog = 0;
		};
		FC183C4A1A0F59CFDFFA6A9C /* [CP] Embed Pods Frameworks */ = {
			isa = PBXShellScriptBuildPhase;
			buildActionMask = 2147483647;
			files = (
			);
			inputFileListPaths = (
				"${PODS_ROOT}/Target Support Files/Pods-PracticeRxSwift/Pods-PracticeRxSwift-frameworks-${CONFIGURATION}-input-files.xcfilelist",
			);
			name = "[CP] Embed Pods Frameworks";
			outputFileListPaths = (
				"${PODS_ROOT}/Target Support Files/Pods-PracticeRxSwift/Pods-PracticeRxSwift-frameworks-${CONFIGURATION}-output-files.xcfilelist",
			);
			runOnlyForDeploymentPostprocessing = 0;
			shellPath = /bin/sh;
			shellScript = "\"${PODS_ROOT}/Target Support Files/Pods-PracticeRxSwift/Pods-PracticeRxSwift-frameworks.sh\"\n";
			showEnvVarsInLog = 0;
		};
/* End PBXShellScriptBuildPhase section */

/* Begin PBXSourcesBuildPhase section */
		04DB280628ACFE1400705187 /* Sources */ = {
			isa = PBXSourcesBuildPhase;
			buildActionMask = 2147483647;
			files = (
				04DB283128AD057F00705187 /* CombinestagramViewController.swift in Sources */,
				04DB280E28ACFE1400705187 /* AppDelegate.swift in Sources */,
				04DB281028ACFE1400705187 /* SceneDelegate.swift in Sources */,
				0485EE7E28AD248D008D2D1E /* APICaller.swift in Sources */,
			);
			runOnlyForDeploymentPostprocessing = 0;
		};
/* End PBXSourcesBuildPhase section */

/* Begin PBXVariantGroup section */
		04DB281828ACFE1700705187 /* LaunchScreen.storyboard */ = {
			isa = PBXVariantGroup;
			children = (
				04DB281928ACFE1700705187 /* Base */,
			);
			name = LaunchScreen.storyboard;
			sourceTree = "<group>";
		};
/* End PBXVariantGroup section */

/* Begin XCBuildConfiguration section */
		04DB281C28ACFE1700705187 /* Debug */ = {
			isa = XCBuildConfiguration;
			buildSettings = {
				ALWAYS_SEARCH_USER_PATHS = NO;
				CLANG_ANALYZER_NONNULL = YES;
				CLANG_ANALYZER_NUMBER_OBJECT_CONVERSION = YES_AGGRESSIVE;
				CLANG_CXX_LANGUAGE_STANDARD = "gnu++14";
				CLANG_CXX_LIBRARY = "libc++";
				CLANG_ENABLE_MODULES = YES;
				CLANG_ENABLE_OBJC_ARC = YES;
				CLANG_ENABLE_OBJC_WEAK = YES;
				CLANG_WARN_BLOCK_CAPTURE_AUTORELEASING = YES;
				CLANG_WARN_BOOL_CONVERSION = YES;
				CLANG_WARN_COMMA = YES;
				CLANG_WARN_CONSTANT_CONVERSION = YES;
				CLANG_WARN_DEPRECATED_OBJC_IMPLEMENTATIONS = YES;
				CLANG_WARN_DIRECT_OBJC_ISA_USAGE = YES_ERROR;
				CLANG_WARN_DOCUMENTATION_COMMENTS = YES;
				CLANG_WARN_EMPTY_BODY = YES;
				CLANG_WARN_ENUM_CONVERSION = YES;
				CLANG_WARN_INFINITE_RECURSION = YES;
				CLANG_WARN_INT_CONVERSION = YES;
				CLANG_WARN_NON_LITERAL_NULL_CONVERSION = YES;
				CLANG_WARN_OBJC_IMPLICIT_RETAIN_SELF = YES;
				CLANG_WARN_OBJC_LITERAL_CONVERSION = YES;
				CLANG_WARN_OBJC_ROOT_CLASS = YES_ERROR;
				CLANG_WARN_QUOTED_INCLUDE_IN_FRAMEWORK_HEADER = YES;
				CLANG_WARN_RANGE_LOOP_ANALYSIS = YES;
				CLANG_WARN_STRICT_PROTOTYPES = YES;
				CLANG_WARN_SUSPICIOUS_MOVE = YES;
				CLANG_WARN_UNGUARDED_AVAILABILITY = YES_AGGRESSIVE;
				CLANG_WARN_UNREACHABLE_CODE = YES;
				CLANG_WARN__DUPLICATE_METHOD_MATCH = YES;
				COPY_PHASE_STRIP = NO;
				DEBUG_INFORMATION_FORMAT = dwarf;
				ENABLE_STRICT_OBJC_MSGSEND = YES;
				ENABLE_TESTABILITY = YES;
				GCC_C_LANGUAGE_STANDARD = gnu11;
				GCC_DYNAMIC_NO_PIC = NO;
				GCC_NO_COMMON_BLOCKS = YES;
				GCC_OPTIMIZATION_LEVEL = 0;
				GCC_PREPROCESSOR_DEFINITIONS = (
					"DEBUG=1",
					"$(inherited)",
				);
				GCC_WARN_64_TO_32_BIT_CONVERSION = YES;
				GCC_WARN_ABOUT_RETURN_TYPE = YES_ERROR;
				GCC_WARN_UNDECLARED_SELECTOR = YES;
				GCC_WARN_UNINITIALIZED_AUTOS = YES_AGGRESSIVE;
				GCC_WARN_UNUSED_FUNCTION = YES;
				GCC_WARN_UNUSED_VARIABLE = YES;
				IPHONEOS_DEPLOYMENT_TARGET = 14.4;
				MTL_ENABLE_DEBUG_INFO = INCLUDE_SOURCE;
				MTL_FAST_MATH = YES;
				ONLY_ACTIVE_ARCH = YES;
				SDKROOT = iphoneos;
				SWIFT_ACTIVE_COMPILATION_CONDITIONS = DEBUG;
				SWIFT_OPTIMIZATION_LEVEL = "-Onone";
			};
			name = Debug;
		};
		04DB281D28ACFE1700705187 /* Release */ = {
			isa = XCBuildConfiguration;
			buildSettings = {
				ALWAYS_SEARCH_USER_PATHS = NO;
				CLANG_ANALYZER_NONNULL = YES;
				CLANG_ANALYZER_NUMBER_OBJECT_CONVERSION = YES_AGGRESSIVE;
				CLANG_CXX_LANGUAGE_STANDARD = "gnu++14";
				CLANG_CXX_LIBRARY = "libc++";
				CLANG_ENABLE_MODULES = YES;
				CLANG_ENABLE_OBJC_ARC = YES;
				CLANG_ENABLE_OBJC_WEAK = YES;
				CLANG_WARN_BLOCK_CAPTURE_AUTORELEASING = YES;
				CLANG_WARN_BOOL_CONVERSION = YES;
				CLANG_WARN_COMMA = YES;
				CLANG_WARN_CONSTANT_CONVERSION = YES;
				CLANG_WARN_DEPRECATED_OBJC_IMPLEMENTATIONS = YES;
				CLANG_WARN_DIRECT_OBJC_ISA_USAGE = YES_ERROR;
				CLANG_WARN_DOCUMENTATION_COMMENTS = YES;
				CLANG_WARN_EMPTY_BODY = YES;
				CLANG_WARN_ENUM_CONVERSION = YES;
				CLANG_WARN_INFINITE_RECURSION = YES;
				CLANG_WARN_INT_CONVERSION = YES;
				CLANG_WARN_NON_LITERAL_NULL_CONVERSION = YES;
				CLANG_WARN_OBJC_IMPLICIT_RETAIN_SELF = YES;
				CLANG_WARN_OBJC_LITERAL_CONVERSION = YES;
				CLANG_WARN_OBJC_ROOT_CLASS = YES_ERROR;
				CLANG_WARN_QUOTED_INCLUDE_IN_FRAMEWORK_HEADER = YES;
				CLANG_WARN_RANGE_LOOP_ANALYSIS = YES;
				CLANG_WARN_STRICT_PROTOTYPES = YES;
				CLANG_WARN_SUSPICIOUS_MOVE = YES;
				CLANG_WARN_UNGUARDED_AVAILABILITY = YES_AGGRESSIVE;
				CLANG_WARN_UNREACHABLE_CODE = YES;
				CLANG_WARN__DUPLICATE_METHOD_MATCH = YES;
				COPY_PHASE_STRIP = NO;
				DEBUG_INFORMATION_FORMAT = "dwarf-with-dsym";
				ENABLE_NS_ASSERTIONS = NO;
				ENABLE_STRICT_OBJC_MSGSEND = YES;
				GCC_C_LANGUAGE_STANDARD = gnu11;
				GCC_NO_COMMON_BLOCKS = YES;
				GCC_WARN_64_TO_32_BIT_CONVERSION = YES;
				GCC_WARN_ABOUT_RETURN_TYPE = YES_ERROR;
				GCC_WARN_UNDECLARED_SELECTOR = YES;
				GCC_WARN_UNINITIALIZED_AUTOS = YES_AGGRESSIVE;
				GCC_WARN_UNUSED_FUNCTION = YES;
				GCC_WARN_UNUSED_VARIABLE = YES;
				IPHONEOS_DEPLOYMENT_TARGET = 14.4;
				MTL_ENABLE_DEBUG_INFO = NO;
				MTL_FAST_MATH = YES;
				SDKROOT = iphoneos;
				SWIFT_COMPILATION_MODE = wholemodule;
				SWIFT_OPTIMIZATION_LEVEL = "-O";
				VALIDATE_PRODUCT = YES;
			};
			name = Release;
		};
		04DB281F28ACFE1700705187 /* Debug */ = {
			isa = XCBuildConfiguration;
			baseConfigurationReference = 6C0885712CF489B4215A25B9 /* Pods-PracticeRxSwift.debug.xcconfig */;
			buildSettings = {
				ASSETCATALOG_COMPILER_APPICON_NAME = AppIcon;
				ASSETCATALOG_COMPILER_GLOBAL_ACCENT_COLOR_NAME = AccentColor;
				CODE_SIGN_STYLE = Automatic;
				DEVELOPMENT_TEAM = GL4HTALFYE;
				INFOPLIST_FILE = PracticeRxSwift/Info.plist;
				LD_RUNPATH_SEARCH_PATHS = (
					"$(inherited)",
					"@executable_path/Frameworks",
				);
				PRODUCT_BUNDLE_IDENTIFIER = b.PracticeRxSwift;
				PRODUCT_NAME = "$(TARGET_NAME)";
				SWIFT_VERSION = 5.0;
				TARGETED_DEVICE_FAMILY = "1,2";
			};
			name = Debug;
		};
		04DB282028ACFE1700705187 /* Release */ = {
			isa = XCBuildConfiguration;
			baseConfigurationReference = 54D2E87911496F3762876286 /* Pods-PracticeRxSwift.release.xcconfig */;
			buildSettings = {
				ASSETCATALOG_COMPILER_APPICON_NAME = AppIcon;
				ASSETCATALOG_COMPILER_GLOBAL_ACCENT_COLOR_NAME = AccentColor;
				CODE_SIGN_STYLE = Automatic;
				DEVELOPMENT_TEAM = GL4HTALFYE;
				INFOPLIST_FILE = PracticeRxSwift/Info.plist;
				LD_RUNPATH_SEARCH_PATHS = (
					"$(inherited)",
					"@executable_path/Frameworks",
				);
				PRODUCT_BUNDLE_IDENTIFIER = b.PracticeRxSwift;
				PRODUCT_NAME = "$(TARGET_NAME)";
				SWIFT_VERSION = 5.0;
				TARGETED_DEVICE_FAMILY = "1,2";
			};
			name = Release;
		};
/* End XCBuildConfiguration section */

/* Begin XCConfigurationList section */
		04DB280528ACFE1400705187 /* Build configuration list for PBXProject "PracticeRxSwift" */ = {
			isa = XCConfigurationList;
			buildConfigurations = (
				04DB281C28ACFE1700705187 /* Debug */,
				04DB281D28ACFE1700705187 /* Release */,
			);
			defaultConfigurationIsVisible = 0;
			defaultConfigurationName = Release;
		};
		04DB281E28ACFE1700705187 /* Build configuration list for PBXNativeTarget "PracticeRxSwift" */ = {
			isa = XCConfigurationList;
			buildConfigurations = (
				04DB281F28ACFE1700705187 /* Debug */,
				04DB282028ACFE1700705187 /* Release */,
			);
			defaultConfigurationIsVisible = 0;
			defaultConfigurationName = Release;
		};
/* End XCConfigurationList section */
	};
	rootObject = 04DB280228ACFE1400705187 /* Project object */;
}
